
Microsoft Visual Studio Solution File, Format Version 12.00
# Visual Studio Version 16
VisualStudioVersion = 16.0.30413.136
MinimumVisualStudioVersion = 10.0.40219.1
Project("{FAE04EC0-301F-11D3-BF4B-00C04F79EFBC}") = "PublisherSubscriber", "PublisherSubscriber\PublisherSubscriber.csproj", "{12899339-85A5-4327-9419-10924E0C1621}"
EndProject
Global
	GlobalSection(SolutionConfigurationPlatforms) = preSolution
		Debug|Any CPU = Debug|Any CPU
		Release|Any CPU = Release|Any CPU
	EndGlobalSection
	GlobalSection(ProjectConfigurationPlatforms) = postSolution
		{12899339-85A5-4327-9419-10924E0C1621}.Debug|Any CPU.ActiveCfg = Debug|Any CPU
		{12899339-85A5-4327-9419-10924E0C1621}.Debug|Any CPU.Build.0 = Debug|Any CPU
		{12899339-85A5-4327-9419-10924E0C1621}.Release|Any CPU.ActiveCfg = Release|Any CPU
		{12899339-85A5-4327-9419-10924E0C1621}.Release|Any CPU.Build.0 = Release|Any CPU
	EndGlobalSection
	GlobalSection(SolutionProperties) = preSolution
		HideSolutionNode = FALSE
	EndGlobalSection
	GlobalSection(ExtensibilityGlobals) = postSolution
		SolutionGuid = {8B89BE03-151F-4FDA-8FC2-F6CD341EC964}
	EndGlobalSection
EndGlobal
